
Microsoft Visual Studio Solution File, Format Version 12.00
# Visual Studio Version 16
VisualStudioVersion = 16.0.29324.140
MinimumVisualStudioVersion = 10.0.40219.1
Project("{9A19103F-16F7-4668-BE54-9A1E7A4F7556}") = "HelloWPF", "HelloWPF.csproj", "{A1468CE1-A565-4B8E-9498-1A8979D533C9}"
EndProject
Global
	GlobalSection(SolutionConfigurationPlatforms) = preSolution
		Debug|Any CPU = Debug|Any CPU
		Release|Any CPU = Release|Any CPU
	EndGlobalSection
	GlobalSection(ProjectConfigurationPlatforms) = postSolution
		{A1468CE1-A565-4B8E-9498-1A8979D533C9}.Debug|Any CPU.ActiveCfg = Debug|Any CPU
		{A1468CE1-A565-4B8E-9498-1A8979D533C9}.Debug|Any CPU.Build.0 = Debug|Any CPU
		{A1468CE1-A565-4B8E-9498-1A8979D533C9}.Release|Any CPU.ActiveCfg = Release|Any CPU
		{A1468CE1-A565-4B8E-9498-1A8979D533C9}.Release|Any CPU.Build.0 = Release|Any CPU
	EndGlobalSection
	GlobalSection(SolutionProperties) = preSolution
		HideSolutionNode = FALSE
	EndGlobalSection
	GlobalSection(ExtensibilityGlobals) = postSolution
		SolutionGuid = {814F2642-55FA-41BE-87CA-5FE2C23BD93B}
	EndGlobalSection
EndGlobal
